
Microsoft Visual Studio Solution File, Format Version 12.00
# Visual Studio Version 16
VisualStudioVersion = 16.0.28803.156
MinimumVisualStudioVersion = 10.0.40219.1
Project("{FAE04EC0-301F-11D3-BF4B-00C04F79EFBC}") = "Asp.NetDemo1", "Asp.NetDemo1\Asp.NetDemo1.csproj", "{C71D140C-78DE-45B4-81D6-5577CD9CEFF7}"
EndProject
Global
	GlobalSection(SolutionConfigurationPlatforms) = preSolution
		Debug|Any CPU = Debug|Any CPU
		Release|Any CPU = Release|Any CPU
	EndGlobalSection
	GlobalSection(ProjectConfigurationPlatforms) = postSolution
		{C71D140C-78DE-45B4-81D6-5577CD9CEFF7}.Debug|Any CPU.ActiveCfg = Debug|Any CPU
		{C71D140C-78DE-45B4-81D6-5577CD9CEFF7}.Debug|Any CPU.Build.0 = Debug|Any CPU
		{C71D140C-78DE-45B4-81D6-5577CD9CEFF7}.Release|Any CPU.ActiveCfg = Release|Any CPU
		{C71D140C-78DE-45B4-81D6-5577CD9CEFF7}.Release|Any CPU.Build.0 = Release|Any CPU
	EndGlobalSection
	GlobalSection(SolutionProperties) = preSolution
		HideSolutionNode = FALSE
	EndGlobalSection
	GlobalSection(ExtensibilityGlobals) = postSolution
		SolutionGuid = {15E1723F-F989-4E13-BEC9-6453B02B1320}
	EndGlobalSection
EndGlobal
