
Microsoft Visual Studio Solution File, Format Version 12.00
# Visual Studio Version 16
VisualStudioVersion = 16.0.28803.156
MinimumVisualStudioVersion = 10.0.40219.1
Project("{FAE04EC0-301F-11D3-BF4B-00C04F79EFBC}") = "StudentManagerPro", "StudentManagerPro\StudentManagerPro.csproj", "{93FB787B-CE68-4FEA-A9EC-5351E49C978A}"
EndProject
Project("{FAE04EC0-301F-11D3-BF4B-00C04F79EFBC}") = "DAL", "DAL\DAL.csproj", "{5B3263ED-34DA-4FCD-9FA1-FC5860666535}"
EndProject
Project("{FAE04EC0-301F-11D3-BF4B-00C04F79EFBC}") = "Models", "Models\Models.csproj", "{C1290E58-FA53-49F7-8F0B-0FCCC49D1DEB}"
EndProject
Global
	GlobalSection(SolutionConfigurationPlatforms) = preSolution
		Debug|Any CPU = Debug|Any CPU
		Release|Any CPU = Release|Any CPU
	EndGlobalSection
	GlobalSection(ProjectConfigurationPlatforms) = postSolution
		{93FB787B-CE68-4FEA-A9EC-5351E49C978A}.Debug|Any CPU.ActiveCfg = Debug|Any CPU
		{93FB787B-CE68-4FEA-A9EC-5351E49C978A}.Debug|Any CPU.Build.0 = Debug|Any CPU
		{93FB787B-CE68-4FEA-A9EC-5351E49C978A}.Release|Any CPU.ActiveCfg = Release|Any CPU
		{93FB787B-CE68-4FEA-A9EC-5351E49C978A}.Release|Any CPU.Build.0 = Release|Any CPU
		{5B3263ED-34DA-4FCD-9FA1-FC5860666535}.Debug|Any CPU.ActiveCfg = Debug|Any CPU
		{5B3263ED-34DA-4FCD-9FA1-FC5860666535}.Debug|Any CPU.Build.0 = Debug|Any CPU
		{5B3263ED-34DA-4FCD-9FA1-FC5860666535}.Release|Any CPU.ActiveCfg = Release|Any CPU
		{5B3263ED-34DA-4FCD-9FA1-FC5860666535}.Release|Any CPU.Build.0 = Release|Any CPU
		{C1290E58-FA53-49F7-8F0B-0FCCC49D1DEB}.Debug|Any CPU.ActiveCfg = Debug|Any CPU
		{C1290E58-FA53-49F7-8F0B-0FCCC49D1DEB}.Debug|Any CPU.Build.0 = Debug|Any CPU
		{C1290E58-FA53-49F7-8F0B-0FCCC49D1DEB}.Release|Any CPU.ActiveCfg = Release|Any CPU
		{C1290E58-FA53-49F7-8F0B-0FCCC49D1DEB}.Release|Any CPU.Build.0 = Release|Any CPU
	EndGlobalSection
	GlobalSection(SolutionProperties) = preSolution
		HideSolutionNode = FALSE
	EndGlobalSection
	GlobalSection(ExtensibilityGlobals) = postSolution
		SolutionGuid = {28B82ED5-9557-461C-B306-4F24312B2350}
	EndGlobalSection
EndGlobal
