
Microsoft Visual Studio Solution File, Format Version 12.00
# Visual Studio Version 16
VisualStudioVersion = 16.0.28803.156
MinimumVisualStudioVersion = 10.0.40219.1
Project("{FAE04EC0-301F-11D3-BF4B-00C04F79EFBC}") = "BLL", "BLL\BLL.csproj", "{E53531F7-D03C-4BC2-8F10-56DD45824C86}"
EndProject
Project("{FAE04EC0-301F-11D3-BF4B-00C04F79EFBC}") = "DAL", "DAL\DAL.csproj", "{5A91755D-2793-4494-B72D-E32B80D8B8ED}"
EndProject
Project("{FAE04EC0-301F-11D3-BF4B-00C04F79EFBC}") = "Common", "Common\Common.csproj", "{820A70D8-04AE-439C-BB69-B0956FA3204C}"
EndProject
Project("{FAE04EC0-301F-11D3-BF4B-00C04F79EFBC}") = "Model", "Model\Model.csproj", "{6F000674-FD01-4B2F-B984-E4FCFF8DF379}"
EndProject
Project("{FAE04EC0-301F-11D3-BF4B-00C04F79EFBC}") = "BookManager", "BookManager\BookManager.csproj", "{525D0205-2EAB-440E-9246-00FB6EB04F1A}"
EndProject
Global
	GlobalSection(SolutionConfigurationPlatforms) = preSolution
		Debug|Any CPU = Debug|Any CPU
		Release|Any CPU = Release|Any CPU
	EndGlobalSection
	GlobalSection(ProjectConfigurationPlatforms) = postSolution
		{E53531F7-D03C-4BC2-8F10-56DD45824C86}.Debug|Any CPU.ActiveCfg = Debug|Any CPU
		{E53531F7-D03C-4BC2-8F10-56DD45824C86}.Debug|Any CPU.Build.0 = Debug|Any CPU
		{E53531F7-D03C-4BC2-8F10-56DD45824C86}.Release|Any CPU.ActiveCfg = Release|Any CPU
		{E53531F7-D03C-4BC2-8F10-56DD45824C86}.Release|Any CPU.Build.0 = Release|Any CPU
		{5A91755D-2793-4494-B72D-E32B80D8B8ED}.Debug|Any CPU.ActiveCfg = Debug|Any CPU
		{5A91755D-2793-4494-B72D-E32B80D8B8ED}.Debug|Any CPU.Build.0 = Debug|Any CPU
		{5A91755D-2793-4494-B72D-E32B80D8B8ED}.Release|Any CPU.ActiveCfg = Release|Any CPU
		{5A91755D-2793-4494-B72D-E32B80D8B8ED}.Release|Any CPU.Build.0 = Release|Any CPU
		{820A70D8-04AE-439C-BB69-B0956FA3204C}.Debug|Any CPU.ActiveCfg = Debug|Any CPU
		{820A70D8-04AE-439C-BB69-B0956FA3204C}.Debug|Any CPU.Build.0 = Debug|Any CPU
		{820A70D8-04AE-439C-BB69-B0956FA3204C}.Release|Any CPU.ActiveCfg = Release|Any CPU
		{820A70D8-04AE-439C-BB69-B0956FA3204C}.Release|Any CPU.Build.0 = Release|Any CPU
		{6F000674-FD01-4B2F-B984-E4FCFF8DF379}.Debug|Any CPU.ActiveCfg = Debug|Any CPU
		{6F000674-FD01-4B2F-B984-E4FCFF8DF379}.Debug|Any CPU.Build.0 = Debug|Any CPU
		{6F000674-FD01-4B2F-B984-E4FCFF8DF379}.Release|Any CPU.ActiveCfg = Release|Any CPU
		{6F000674-FD01-4B2F-B984-E4FCFF8DF379}.Release|Any CPU.Build.0 = Release|Any CPU
		{525D0205-2EAB-440E-9246-00FB6EB04F1A}.Debug|Any CPU.ActiveCfg = Debug|Any CPU
		{525D0205-2EAB-440E-9246-00FB6EB04F1A}.Debug|Any CPU.Build.0 = Debug|Any CPU
		{525D0205-2EAB-440E-9246-00FB6EB04F1A}.Release|Any CPU.ActiveCfg = Release|Any CPU
		{525D0205-2EAB-440E-9246-00FB6EB04F1A}.Release|Any CPU.Build.0 = Release|Any CPU
	EndGlobalSection
	GlobalSection(SolutionProperties) = preSolution
		HideSolutionNode = FALSE
	EndGlobalSection
	GlobalSection(ExtensibilityGlobals) = postSolution
		SolutionGuid = {F16EFE70-F7E5-4C0E-B8EC-60F41F00D552}
	EndGlobalSection
EndGlobal
